
Microsoft Visual Studio Solution File, Format Version 12.00
# Visual Studio Version 17
VisualStudioVersion = 17.7.34221.43
MinimumVisualStudioVersion = 10.0.40219.1
Project("{FAE04EC0-301F-11D3-BF4B-00C04F79EFBC}") = "ResumeProject", "ResumeProject.csproj", "{D0EA3F73-84C1-4930-9D58-9847D70F3121}"
EndProject
Global
	GlobalSection(SolutionConfigurationPlatforms) = preSolution
		Debug|Any CPU = Debug|Any CPU
		Release|Any CPU = Release|Any CPU
	EndGlobalSection
	GlobalSection(ProjectConfigurationPlatforms) = postSolution
		{D0EA3F73-84C1-4930-9D58-9847D70F3121}.Debug|Any CPU.ActiveCfg = Debug|Any CPU
		{D0EA3F73-84C1-4930-9D58-9847D70F3121}.Debug|Any CPU.Build.0 = Debug|Any CPU
		{D0EA3F73-84C1-4930-9D58-9847D70F3121}.Release|Any CPU.ActiveCfg = Release|Any CPU
		{D0EA3F73-84C1-4930-9D58-9847D70F3121}.Release|Any CPU.Build.0 = Release|Any CPU
	EndGlobalSection
	GlobalSection(SolutionProperties) = preSolution
		HideSolutionNode = FALSE
	EndGlobalSection
	GlobalSection(ExtensibilityGlobals) = postSolution
		SolutionGuid = {D5D09567-795B-4EED-A034-D4D06D9FA2BA}
	EndGlobalSection
EndGlobal
